{
  "version": 4,
  "terraform_version": "1.9.8",
  "serial": 194,
  "lineage": "8030b039-853d-4141-b36a-6068651c5df2",
  "outputs": {
    "function1_arn": {
      "value": "arn:aws:lambda:eu-west-2:713881828888:function:lambda-deployment-func1",
      "type": "string"
    },
    "function2_arn": {
      "value": "arn:aws:lambda:eu-west-2:713881828888:function:lambda-deployment-func2",
      "type": "string"
    },
    "lambda_role_arn": {
      "value": "arn:aws:iam::713881828888:role/multi_lambda_role",
      "type": "string"
    },
    "s3_bucket_name": {
      "value": "translated-docs-nasim-eu",
      "type": "string"
    }
  },
  "resources": [
    {
      "module": "module.func1",
      "mode": "managed",
      "type": "aws_lambda_function",
      "name": "lambda_function",
      "provider": "provider[\"registry.terraform.io/hashicorp/aws\"]",
      "instances": [
        {
          "schema_version": 0,
          "attributes": {
            "architectures": [
              "x86_64"
            ],
            "arn": "arn:aws:lambda:eu-west-2:713881828888:function:lambda-deployment-func1",
            "code_sha256": "edYuyoNT0csGsJO6IruU8ARzmWIGsR/vUtXRQg70ihU=",
            "code_signing_config_arn": "",
            "dead_letter_config": [],
            "description": "",
            "environment": [
              {
                "variables": {
                  "GREETING": "Hello from Function 1",
                  "LAMBDA_S3_BUCKET": "translated-docs-nasim-eu"
                }
              }
            ],
            "ephemeral_storage": [
              {
                "size": 512
              }
            ],
            "file_system_config": [],
            "filename": null,
            "function_name": "lambda-deployment-func1",
            "handler": "main.lambda_handler",
            "id": "lambda-deployment-func1",
            "image_config": [],
            "image_uri": "",
            "invoke_arn": "arn:aws:apigateway:eu-west-2:lambda:path/2015-03-31/functions/arn:aws:lambda:eu-west-2:713881828888:function:lambda-deployment-func1/invocations",
            "kms_key_arn": "",
            "last_modified": "2025-02-12T22:43:26.663+0000",
            "layers": null,
            "logging_config": [
              {
                "application_log_level": "",
                "log_format": "Text",
                "log_group": "/aws/lambda/lambda-deployment-func1",
                "system_log_level": ""
              }
            ],
            "memory_size": 128,
            "package_type": "Zip",
            "publish": false,
            "qualified_arn": "arn:aws:lambda:eu-west-2:713881828888:function:lambda-deployment-func1:$LATEST",
            "qualified_invoke_arn": "arn:aws:apigateway:eu-west-2:lambda:path/2015-03-31/functions/arn:aws:lambda:eu-west-2:713881828888:function:lambda-deployment-func1:$LATEST/invocations",
            "replace_security_groups_on_destroy": null,
            "replacement_security_group_ids": null,
            "reserved_concurrent_executions": -1,
            "role": "arn:aws:iam::713881828888:role/multi_lambda_role",
            "runtime": "python3.9",
            "s3_bucket": "translated-docs-nasim-eu",
            "s3_key": "lambda-functions/lambda-deployment/func1.zip",
            "s3_object_version": null,
            "signing_job_arn": "",
            "signing_profile_version_arn": "",
            "skip_destroy": false,
            "snap_start": [],
            "source_code_hash": "",
            "source_code_size": 2194,
            "tags": null,
            "tags_all": {},
            "timeout": 3,
            "timeouts": null,
            "tracing_config": [
              {
                "mode": "PassThrough"
              }
            ],
            "version": "$LATEST",
            "vpc_config": []
          },
          "sensitive_attributes": [],
          "private": "eyJlMmJmYjczMC1lY2FhLTExZTYtOGY4OC0zNDM2M2JjN2M0YzAiOnsiY3JlYXRlIjo2MDAwMDAwMDAwMDAsImRlbGV0ZSI6NjAwMDAwMDAwMDAwLCJ1cGRhdGUiOjYwMDAwMDAwMDAwMH19",
          "dependencies": [
            "module.lambda_shared.aws_iam_role.lambda_role"
          ]
        }
      ]
    },
    {
      "module": "module.func2",
      "mode": "managed",
      "type": "aws_lambda_function",
      "name": "lambda_function",
      "provider": "provider[\"registry.terraform.io/hashicorp/aws\"]",
      "instances": [
        {
          "schema_version": 0,
          "attributes": {
            "architectures": [
              "x86_64"
            ],
            "arn": "arn:aws:lambda:eu-west-2:713881828888:function:lambda-deployment-func2",
            "code_sha256": "Mtqp6VJRs3Ejt1XW/4C5AXYyGmfllHHs/5jYvwd+GpE=",
            "code_signing_config_arn": "",
            "dead_letter_config": [],
            "description": "",
            "environment": [
              {
                "variables": {
                  "GREETING": "Hello from Function 2",
                  "LAMBDA_S3_BUCKET": "translated-docs-nasim-eu"
                }
              }
            ],
            "ephemeral_storage": [
              {
                "size": 512
              }
            ],
            "file_system_config": [],
            "filename": null,
            "function_name": "lambda-deployment-func2",
            "handler": "main.lambda_handler",
            "id": "lambda-deployment-func2",
            "image_config": [],
            "image_uri": "",
            "invoke_arn": "arn:aws:apigateway:eu-west-2:lambda:path/2015-03-31/functions/arn:aws:lambda:eu-west-2:713881828888:function:lambda-deployment-func2/invocations",
            "kms_key_arn": "",
            "last_modified": "2025-02-12T22:43:26.641+0000",
            "layers": null,
            "logging_config": [
              {
                "application_log_level": "",
                "log_format": "Text",
                "log_group": "/aws/lambda/lambda-deployment-func2",
                "system_log_level": ""
              }
            ],
            "memory_size": 128,
            "package_type": "Zip",
            "publish": false,
            "qualified_arn": "arn:aws:lambda:eu-west-2:713881828888:function:lambda-deployment-func2:$LATEST",
            "qualified_invoke_arn": "arn:aws:apigateway:eu-west-2:lambda:path/2015-03-31/functions/arn:aws:lambda:eu-west-2:713881828888:function:lambda-deployment-func2:$LATEST/invocations",
            "replace_security_groups_on_destroy": null,
            "replacement_security_group_ids": null,
            "reserved_concurrent_executions": -1,
            "role": "arn:aws:iam::713881828888:role/multi_lambda_role",
            "runtime": "python3.9",
            "s3_bucket": "translated-docs-nasim-eu",
            "s3_key": "lambda-functions/lambda-deployment/func2.zip",
            "s3_object_version": null,
            "signing_job_arn": "",
            "signing_profile_version_arn": "",
            "skip_destroy": false,
            "snap_start": [],
            "source_code_hash": "",
            "source_code_size": 717,
            "tags": null,
            "tags_all": {},
            "timeout": 3,
            "timeouts": null,
            "tracing_config": [
              {
                "mode": "PassThrough"
              }
            ],
            "version": "$LATEST",
            "vpc_config": []
          },
          "sensitive_attributes": [],
          "private": "eyJlMmJmYjczMC1lY2FhLTExZTYtOGY4OC0zNDM2M2JjN2M0YzAiOnsiY3JlYXRlIjo2MDAwMDAwMDAwMDAsImRlbGV0ZSI6NjAwMDAwMDAwMDAwLCJ1cGRhdGUiOjYwMDAwMDAwMDAwMH19",
          "dependencies": [
            "module.lambda_shared.aws_iam_role.lambda_role"
          ]
        }
      ]
    },
    {
      "module": "module.lambda_shared",
      "mode": "managed",
      "type": "aws_iam_policy",
      "name": "lambda_policy",
      "provider": "provider[\"registry.terraform.io/hashicorp/aws\"]",
      "instances": [
        {
          "schema_version": 0,
          "attributes": {
            "arn": "arn:aws:iam::713881828888:policy/multi_lambda_policy",
            "attachment_count": 0,
            "description": "",
            "id": "arn:aws:iam::713881828888:policy/multi_lambda_policy",
            "name": "multi_lambda_policy",
            "name_prefix": "",
            "path": "/",
            "policy": "{\"Statement\":[{\"Action\":[\"logs:CreateLogGroup\",\"logs:CreateLogStream\",\"logs:PutLogEvents\"],\"Effect\":\"Allow\",\"Resource\":\"arn:aws:logs:*:*:*\"}],\"Version\":\"2012-10-17\"}",
            "policy_id": "ANPA2MNVMHYMCKXS54M64",
            "tags": null,
            "tags_all": {}
          },
          "sensitive_attributes": [],
          "private": "bnVsbA=="
        }
      ]
    },
    {
      "module": "module.lambda_shared",
      "mode": "managed",
      "type": "aws_iam_role",
      "name": "lambda_role",
      "provider": "provider[\"registry.terraform.io/hashicorp/aws\"]",
      "instances": [
        {
          "schema_version": 0,
          "attributes": {
            "arn": "arn:aws:iam::713881828888:role/multi_lambda_role",
            "assume_role_policy": "{\"Statement\":[{\"Action\":\"sts:AssumeRole\",\"Effect\":\"Allow\",\"Principal\":{\"Service\":\"lambda.amazonaws.com\"}}],\"Version\":\"2012-10-17\"}",
            "create_date": "2025-02-12T22:43:17Z",
            "description": "",
            "force_detach_policies": false,
            "id": "multi_lambda_role",
            "inline_policy": [],
            "managed_policy_arns": [],
            "max_session_duration": 3600,
            "name": "multi_lambda_role",
            "name_prefix": "",
            "path": "/",
            "permissions_boundary": "",
            "tags": null,
            "tags_all": {},
            "unique_id": "AROA2MNVMHYMOMTIRAFWZ"
          },
          "sensitive_attributes": [],
          "private": "bnVsbA=="
        }
      ]
    },
    {
      "module": "module.lambda_shared",
      "mode": "managed",
      "type": "aws_iam_role_policy",
      "name": "allow_s3_put_object",
      "provider": "provider[\"registry.terraform.io/hashicorp/aws\"]",
      "instances": [
        {
          "schema_version": 0,
          "attributes": {
            "id": "multi_lambda_role:AllowS3PutObjectForTranslatedDocs",
            "name": "AllowS3PutObjectForTranslatedDocs",
            "name_prefix": "",
            "policy": "{\"Version\":\"2012-10-17\",\"Statement\":[{\"Action\":\"s3:PutObject\",\"Effect\":\"Allow\",\"Resource\":\"arn:aws:s3:::translated-docs-nasim-eu/*\"}]}",
            "role": "multi_lambda_role"
          },
          "sensitive_attributes": [],
          "private": "bnVsbA==",
          "dependencies": [
            "module.lambda_shared.aws_iam_role.lambda_role"
          ]
        }
      ]
    },
    {
      "module": "module.lambda_shared",
      "mode": "managed",
      "type": "aws_iam_role_policy",
      "name": "allow_translate_text",
      "provider": "provider[\"registry.terraform.io/hashicorp/aws\"]",
      "instances": [
        {
          "schema_version": 0,
          "attributes": {
            "id": "multi_lambda_role:AllowTranslateText",
            "name": "AllowTranslateText",
            "name_prefix": "",
            "policy": "{\"Version\":\"2012-10-17\",\"Statement\":[{\"Action\":\"translate:TranslateText\",\"Effect\":\"Allow\",\"Resource\":\"*\"}]}",
            "role": "multi_lambda_role"
          },
          "sensitive_attributes": [],
          "private": "bnVsbA==",
          "dependencies": [
            "module.lambda_shared.aws_iam_role.lambda_role"
          ]
        }
      ]
    },
    {
      "module": "module.lambda_shared",
      "mode": "managed",
      "type": "aws_iam_role_policy",
      "name": "lambda_s3_read_policy",
      "provider": "provider[\"registry.terraform.io/hashicorp/aws\"]",
      "instances": [
        {
          "schema_version": 0,
          "attributes": {
            "id": "multi_lambda_role:LambdaS3ReadPolicy",
            "name": "LambdaS3ReadPolicy",
            "name_prefix": "",
            "policy": "{\"Version\":\"2012-10-17\",\"Statement\":[{\"Action\":[\"s3:GetObject\",\"s3:ListBucket\"],\"Effect\":\"Allow\",\"Resource\":[\"arn:aws:s3:::translated-docs-nasim-eu\",\"arn:aws:s3:::translated-docs-nasim-eu/*\"]}]}",
            "role": "multi_lambda_role"
          },
          "sensitive_attributes": [],
          "private": "bnVsbA==",
          "dependencies": [
            "module.lambda_shared.aws_iam_role.lambda_role"
          ]
        }
      ]
    },
    {
      "module": "module.lambda_shared",
      "mode": "managed",
      "type": "aws_iam_role_policy_attachment",
      "name": "basic_execution",
      "provider": "provider[\"registry.terraform.io/hashicorp/aws\"]",
      "instances": [
        {
          "schema_version": 0,
          "attributes": {
            "id": "multi_lambda_role-20250212224318339300000002",
            "policy_arn": "arn:aws:iam::aws:policy/service-role/AWSLambdaBasicExecutionRole",
            "role": "multi_lambda_role"
          },
          "sensitive_attributes": [],
          "private": "bnVsbA==",
          "dependencies": [
            "module.lambda_shared.aws_iam_role.lambda_role"
          ]
        }
      ]
    },
    {
      "module": "module.lambda_shared",
      "mode": "managed",
      "type": "aws_iam_role_policy_attachment",
      "name": "lambda_policy_attach",
      "provider": "provider[\"registry.terraform.io/hashicorp/aws\"]",
      "instances": [
        {
          "schema_version": 0,
          "attributes": {
            "id": "multi_lambda_role-20250212224318304800000001",
            "policy_arn": "arn:aws:iam::713881828888:policy/multi_lambda_policy",
            "role": "multi_lambda_role"
          },
          "sensitive_attributes": [],
          "private": "bnVsbA==",
          "dependencies": [
            "module.lambda_shared.aws_iam_policy.lambda_policy",
            "module.lambda_shared.aws_iam_role.lambda_role"
          ]
        }
      ]
    }
  ],
  "check_results": null
}
